
Microsoft Visual Studio Solution File, Format Version 12.00
# Visual Studio Version 16
VisualStudioVersion = 16.0.31112.23
MinimumVisualStudioVersion = 10.0.40219.1
Project("{FAE04EC0-301F-11D3-BF4B-00C04F79EFBC}") = "VideoGameStore", "VideoGameStore\VideoGameStore.csproj", "{13772542-602A-4C84-A62A-F8E0508B49ED}"
EndProject
Project("{FAE04EC0-301F-11D3-BF4B-00C04F79EFBC}") = "AppProps", "AppProps\AppProps.csproj", "{B49F36AA-C857-4967-BCC7-A37C8769A43F}"
EndProject
Project("{FAE04EC0-301F-11D3-BF4B-00C04F79EFBC}") = "BLL", "BLL\BLL.csproj", "{7BCE0D9F-5EDC-4E98-890B-EF22B2882FF5}"
EndProject
Project("{FAE04EC0-301F-11D3-BF4B-00C04F79EFBC}") = "DAL", "DAL\DAL.csproj", "{5A999C9F-CF0D-47FB-849F-453C2EBDA639}"
EndProject
Global
	GlobalSection(SolutionConfigurationPlatforms) = preSolution
		Debug|Any CPU = Debug|Any CPU
		Release|Any CPU = Release|Any CPU
	EndGlobalSection
	GlobalSection(ProjectConfigurationPlatforms) = postSolution
		{13772542-602A-4C84-A62A-F8E0508B49ED}.Debug|Any CPU.ActiveCfg = Debug|Any CPU
		{13772542-602A-4C84-A62A-F8E0508B49ED}.Debug|Any CPU.Build.0 = Debug|Any CPU
		{13772542-602A-4C84-A62A-F8E0508B49ED}.Release|Any CPU.ActiveCfg = Release|Any CPU
		{13772542-602A-4C84-A62A-F8E0508B49ED}.Release|Any CPU.Build.0 = Release|Any CPU
		{B49F36AA-C857-4967-BCC7-A37C8769A43F}.Debug|Any CPU.ActiveCfg = Debug|Any CPU
		{B49F36AA-C857-4967-BCC7-A37C8769A43F}.Debug|Any CPU.Build.0 = Debug|Any CPU
		{B49F36AA-C857-4967-BCC7-A37C8769A43F}.Release|Any CPU.ActiveCfg = Release|Any CPU
		{B49F36AA-C857-4967-BCC7-A37C8769A43F}.Release|Any CPU.Build.0 = Release|Any CPU
		{7BCE0D9F-5EDC-4E98-890B-EF22B2882FF5}.Debug|Any CPU.ActiveCfg = Debug|Any CPU
		{7BCE0D9F-5EDC-4E98-890B-EF22B2882FF5}.Debug|Any CPU.Build.0 = Debug|Any CPU
		{7BCE0D9F-5EDC-4E98-890B-EF22B2882FF5}.Release|Any CPU.ActiveCfg = Release|Any CPU
		{7BCE0D9F-5EDC-4E98-890B-EF22B2882FF5}.Release|Any CPU.Build.0 = Release|Any CPU
		{5A999C9F-CF0D-47FB-849F-453C2EBDA639}.Debug|Any CPU.ActiveCfg = Debug|Any CPU
		{5A999C9F-CF0D-47FB-849F-453C2EBDA639}.Debug|Any CPU.Build.0 = Debug|Any CPU
		{5A999C9F-CF0D-47FB-849F-453C2EBDA639}.Release|Any CPU.ActiveCfg = Release|Any CPU
		{5A999C9F-CF0D-47FB-849F-453C2EBDA639}.Release|Any CPU.Build.0 = Release|Any CPU
	EndGlobalSection
	GlobalSection(SolutionProperties) = preSolution
		HideSolutionNode = FALSE
	EndGlobalSection
	GlobalSection(ExtensibilityGlobals) = postSolution
		SolutionGuid = {5AF52F12-5B46-481C-B7A1-B1404BD5E110}
	EndGlobalSection
EndGlobal
